// !$*UTF8*$!
{
	archiveVersion = 1;
	classes = {
	};
	objectVersion = 48;
	objects = {

/* Begin PBXBuildFile section */
		3A5854B61FBD3D0400076421 /* ASListViewController.m in Sources */ = {isa = PBXBuildFile; fileRef = 3A5854B51FBD3D0400076421 /* ASListViewController.m */; };
		3A5854B91FBD42B000076421 /* ASListTableViewCell.m in Sources */ = {isa = PBXBuildFile; fileRef = 3A5854B81FBD42B000076421 /* ASListTableViewCell.m */; };
		3A5854BC1FBD629500076421 /* ASDownLoadViewController.m in Sources */ = {isa = PBXBuildFile; fileRef = 3A5854BB1FBD629500076421 /* ASDownLoadViewController.m */; };
		3A5854BF1FBD640400076421 /* ASDownloadTableViewCell.m in Sources */ = {isa = PBXBuildFile; fileRef = 3A5854BE1FBD640400076421 /* ASDownloadTableViewCell.m */; };
		3A72B8811FB980B300D39A72 /* AppDelegate.m in Sources */ = {isa = PBXBuildFile; fileRef = 3A72B8801FB980B300D39A72 /* AppDelegate.m */; };
		3A72B8871FB980B300D39A72 /* Main.storyboard in Resources */ = {isa = PBXBuildFile; fileRef = 3A72B8851FB980B300D39A72 /* Main.storyboard */; };
		3A72B8891FB980B300D39A72 /* Assets.xcassets in Resources */ = {isa = PBXBuildFile; fileRef = 3A72B8881FB980B300D39A72 /* Assets.xcassets */; };
		3A72B88C1FB980B300D39A72 /* LaunchScreen.storyboard in Resources */ = {isa = PBXBuildFile; fileRef = 3A72B88A1FB980B300D39A72 /* LaunchScreen.storyboard */; };
		3A72B88F1FB980B300D39A72 /* main.m in Sources */ = {isa = PBXBuildFile; fileRef = 3A72B88E1FB980B300D39A72 /* main.m */; };
		3A72B8991FB980B300D39A72 /* DownLoadTests.m in Sources */ = {isa = PBXBuildFile; fileRef = 3A72B8981FB980B300D39A72 /* DownLoadTests.m */; };
		3A72B8A41FB980B300D39A72 /* DownLoadUITests.m in Sources */ = {isa = PBXBuildFile; fileRef = 3A72B8A31FB980B300D39A72 /* DownLoadUITests.m */; };
		3A72B8B31FB987D300D39A72 /* ASDownloadManger.m in Sources */ = {isa = PBXBuildFile; fileRef = 3A72B8B21FB987D300D39A72 /* ASDownloadManger.m */; };
		3A72B8B61FB989F600D39A72 /* ASSession.m in Sources */ = {isa = PBXBuildFile; fileRef = 3A72B8B51FB989F600D39A72 /* ASSession.m */; };
/* End PBXBuildFile section */

/* Begin PBXContainerItemProxy section */
		3A72B8951FB980B300D39A72 /* PBXContainerItemProxy */ = {
			isa = PBXContainerItemProxy;
			containerPortal = 3A72B8741FB980B300D39A72 /* Project object */;
			proxyType = 1;
			remoteGlobalIDString = 3A72B87B1FB980B300D39A72;
			remoteInfo = DownLoad;
		};
		3A72B8A01FB980B300D39A72 /* PBXContainerItemProxy */ = {
			isa = PBXContainerItemProxy;
			containerPortal = 3A72B8741FB980B300D39A72 /* Project object */;
			proxyType = 1;
			remoteGlobalIDString = 3A72B87B1FB980B300D39A72;
			remoteInfo = DownLoad;
		};
/* End PBXContainerItemProxy section */

/* Begin PBXFileReference section */
		3A5854B41FBD3D0400076421 /* ASListViewController.h */ = {isa = PBXFileReference; lastKnownFileType = sourcecode.c.h; path = ASListViewController.h; sourceTree = "<group>"; };
		3A5854B51FBD3D0400076421 /* ASListViewController.m */ = {isa = PBXFileReference; lastKnownFileType = sourcecode.c.objc; path = ASListViewController.m; sourceTree = "<group>"; };
		3A5854B71FBD42B000076421 /* ASListTableViewCell.h */ = {isa = PBXFileReference; lastKnownFileType = sourcecode.c.h; path = ASListTableViewCell.h; sourceTree = "<group>"; };
		3A5854B81FBD42B000076421 /* ASListTableViewCell.m */ = {isa = PBXFileReference; lastKnownFileType = sourcecode.c.objc; path = ASListTableViewCell.m; sourceTree = "<group>"; };
		3A5854BA1FBD629500076421 /* ASDownLoadViewController.h */ = {isa = PBXFileReference; lastKnownFileType = sourcecode.c.h; path = ASDownLoadViewController.h; sourceTree = "<group>"; };
		3A5854BB1FBD629500076421 /* ASDownLoadViewController.m */ = {isa = PBXFileReference; lastKnownFileType = sourcecode.c.objc; path = ASDownLoadViewController.m; sourceTree = "<group>"; };
		3A5854BD1FBD640400076421 /* ASDownloadTableViewCell.h */ = {isa = PBXFileReference; lastKnownFileType = sourcecode.c.h; path = ASDownloadTableViewCell.h; sourceTree = "<group>"; };
		3A5854BE1FBD640400076421 /* ASDownloadTableViewCell.m */ = {isa = PBXFileReference; lastKnownFileType = sourcecode.c.objc; path = ASDownloadTableViewCell.m; sourceTree = "<group>"; };
		3A72B87C1FB980B300D39A72 /* DownLoad.app */ = {isa = PBXFileReference; explicitFileType = wrapper.application; includeInIndex = 0; path = DownLoad.app; sourceTree = BUILT_PRODUCTS_DIR; };
		3A72B87F1FB980B300D39A72 /* AppDelegate.h */ = {isa = PBXFileReference; lastKnownFileType = sourcecode.c.h; path = AppDelegate.h; sourceTree = "<group>"; };
		3A72B8801FB980B300D39A72 /* AppDelegate.m */ = {isa = PBXFileReference; lastKnownFileType = sourcecode.c.objc; path = AppDelegate.m; sourceTree = "<group>"; };
		3A72B8861FB980B300D39A72 /* Base */ = {isa = PBXFileReference; lastKnownFileType = file.storyboard; name = Base; path = Base.lproj/Main.storyboard; sourceTree = "<group>"; };
		3A72B8881FB980B300D39A72 /* Assets.xcassets */ = {isa = PBXFileReference; lastKnownFileType = folder.assetcatalog; path = Assets.xcassets; sourceTree = "<group>"; };
		3A72B88B1FB980B300D39A72 /* Base */ = {isa = PBXFileReference; lastKnownFileType = file.storyboard; name = Base; path = Base.lproj/LaunchScreen.storyboard; sourceTree = "<group>"; };
		3A72B88D1FB980B300D39A72 /* Info.plist */ = {isa = PBXFileReference; lastKnownFileType = text.plist.xml; path = Info.plist; sourceTree = "<group>"; };
		3A72B88E1FB980B300D39A72 /* main.m */ = {isa = PBXFileReference; lastKnownFileType = sourcecode.c.objc; path = main.m; sourceTree = "<group>"; };
		3A72B8941FB980B300D39A72 /* DownLoadTests.xctest */ = {isa = PBXFileReference; explicitFileType = wrapper.cfbundle; includeInIndex = 0; path = DownLoadTests.xctest; sourceTree = BUILT_PRODUCTS_DIR; };
		3A72B8981FB980B300D39A72 /* DownLoadTests.m */ = {isa = PBXFileReference; lastKnownFileType = sourcecode.c.objc; path = DownLoadTests.m; sourceTree = "<group>"; };
		3A72B89A1FB980B300D39A72 /* Info.plist */ = {isa = PBXFileReference; lastKnownFileType = text.plist.xml; path = Info.plist; sourceTree = "<group>"; };
		3A72B89F1FB980B300D39A72 /* DownLoadUITests.xctest */ = {isa = PBXFileReference; explicitFileType = wrapper.cfbundle; includeInIndex = 0; path = DownLoadUITests.xctest; sourceTree = BUILT_PRODUCTS_DIR; };
		3A72B8A31FB980B300D39A72 /* DownLoadUITests.m */ = {isa = PBXFileReference; lastKnownFileType = sourcecode.c.objc; path = DownLoadUITests.m; sourceTree = "<group>"; };
		3A72B8A51FB980B300D39A72 /* Info.plist */ = {isa = PBXFileReference; lastKnownFileType = text.plist.xml; path = Info.plist; sourceTree = "<group>"; };
		3A72B8B11FB987D300D39A72 /* ASDownloadManger.h */ = {isa = PBXFileReference; lastKnownFileType = sourcecode.c.h; path = ASDownloadManger.h; sourceTree = "<group>"; };
		3A72B8B21FB987D300D39A72 /* ASDownloadManger.m */ = {isa = PBXFileReference; lastKnownFileType = sourcecode.c.objc; path = ASDownloadManger.m; sourceTree = "<group>"; };
		3A72B8B41FB989F600D39A72 /* ASSession.h */ = {isa = PBXFileReference; lastKnownFileType = sourcecode.c.h; path = ASSession.h; sourceTree = "<group>"; };
		3A72B8B51FB989F600D39A72 /* ASSession.m */ = {isa = PBXFileReference; lastKnownFileType = sourcecode.c.objc; path = ASSession.m; sourceTree = "<group>"; };
/* End PBXFileReference section */

/* Begin PBXFrameworksBuildPhase section */
		3A72B8791FB980B300D39A72 /* Frameworks */ = {
			isa = PBXFrameworksBuildPhase;
			buildActionMask = 2147483647;
			files = (
			);
			runOnlyForDeploymentPostprocessing = 0;
		};
		3A72B8911FB980B300D39A72 /* Frameworks */ = {
			isa = PBXFrameworksBuildPhase;
			buildActionMask = 2147483647;
			files = (
			);
			runOnlyForDeploymentPostprocessing = 0;
		};
		3A72B89C1FB980B300D39A72 /* Frameworks */ = {
			isa = PBXFrameworksBuildPhase;
			buildActionMask = 2147483647;
			files = (
			);
			runOnlyForDeploymentPostprocessing = 0;
		};
/* End PBXFrameworksBuildPhase section */

/* Begin PBXGroup section */
		3A5854B21FBD3B7700076421 /* ASDownload */ = {
			isa = PBXGroup;
			children = (
				3A72B8B11FB987D300D39A72 /* ASDownloadManger.h */,
				3A72B8B21FB987D300D39A72 /* ASDownloadManger.m */,
				3A72B8B41FB989F600D39A72 /* ASSession.h */,
				3A72B8B51FB989F600D39A72 /* ASSession.m */,
			);
			path = ASDownload;
			sourceTree = "<group>";
		};
		3A5854B31FBD3CC300076421 /* DownloadView */ = {
			isa = PBXGroup;
			children = (
				3A5854B41FBD3D0400076421 /* ASListViewController.h */,
				3A5854B51FBD3D0400076421 /* ASListViewController.m */,
				3A5854B71FBD42B000076421 /* ASListTableViewCell.h */,
				3A5854B81FBD42B000076421 /* ASListTableViewCell.m */,
				3A5854BA1FBD629500076421 /* ASDownLoadViewController.h */,
				3A5854BB1FBD629500076421 /* ASDownLoadViewController.m */,
				3A5854BD1FBD640400076421 /* ASDownloadTableViewCell.h */,
				3A5854BE1FBD640400076421 /* ASDownloadTableViewCell.m */,
			);
			path = DownloadView;
			sourceTree = "<group>";
		};
		3A72B8731FB980B300D39A72 = {
			isa = PBXGroup;
			children = (
				3A72B87E1FB980B300D39A72 /* DownLoad */,
				3A72B8971FB980B300D39A72 /* DownLoadTests */,
				3A72B8A21FB980B300D39A72 /* DownLoadUITests */,
				3A72B87D1FB980B300D39A72 /* Products */,
			);
			sourceTree = "<group>";
		};
		3A72B87D1FB980B300D39A72 /* Products */ = {
			isa = PBXGroup;
			children = (
				3A72B87C1FB980B300D39A72 /* DownLoad.app */,
				3A72B8941FB980B300D39A72 /* DownLoadTests.xctest */,
				3A72B89F1FB980B300D39A72 /* DownLoadUITests.xctest */,
			);
			name = Products;
			sourceTree = "<group>";
		};
		3A72B87E1FB980B300D39A72 /* DownLoad */ = {
			isa = PBXGroup;
			children = (
				3A5854B31FBD3CC300076421 /* DownloadView */,
				3A5854B21FBD3B7700076421 /* ASDownload */,
				3A72B87F1FB980B300D39A72 /* AppDelegate.h */,
				3A72B8801FB980B300D39A72 /* AppDelegate.m */,
				3A72B8851FB980B300D39A72 /* Main.storyboard */,
				3A72B8881FB980B300D39A72 /* Assets.xcassets */,
				3A72B88A1FB980B300D39A72 /* LaunchScreen.storyboard */,
				3A72B88D1FB980B300D39A72 /* Info.plist */,
				3A72B88E1FB980B300D39A72 /* main.m */,
			);
			path = DownLoad;
			sourceTree = "<group>";
		};
		3A72B8971FB980B300D39A72 /* DownLoadTests */ = {
			isa = PBXGroup;
			children = (
				3A72B8981FB980B300D39A72 /* DownLoadTests.m */,
				3A72B89A1FB980B300D39A72 /* Info.plist */,
			);
			path = DownLoadTests;
			sourceTree = "<group>";
		};
		3A72B8A21FB980B300D39A72 /* DownLoadUITests */ = {
			isa = PBXGroup;
			children = (
				3A72B8A31FB980B300D39A72 /* DownLoadUITests.m */,
				3A72B8A51FB980B300D39A72 /* Info.plist */,
			);
			path = DownLoadUITests;
			sourceTree = "<group>";
		};
/* End PBXGroup section */

/* Begin PBXNativeTarget section */
		3A72B87B1FB980B300D39A72 /* DownLoad */ = {
			isa = PBXNativeTarget;
			buildConfigurationList = 3A72B8A81FB980B300D39A72 /* Build configuration list for PBXNativeTarget "DownLoad" */;
			buildPhases = (
				3A72B8781FB980B300D39A72 /* Sources */,
				3A72B8791FB980B300D39A72 /* Frameworks */,
				3A72B87A1FB980B300D39A72 /* Resources */,
			);
			buildRules = (
			);
			dependencies = (
			);
			name = DownLoad;
			productName = DownLoad;
			productReference = 3A72B87C1FB980B300D39A72 /* DownLoad.app */;
			productType = "com.apple.product-type.application";
		};
		3A72B8931FB980B300D39A72 /* DownLoadTests */ = {
			isa = PBXNativeTarget;
			buildConfigurationList = 3A72B8AB1FB980B300D39A72 /* Build configuration list for PBXNativeTarget "DownLoadTests" */;
			buildPhases = (
				3A72B8901FB980B300D39A72 /* Sources */,
				3A72B8911FB980B300D39A72 /* Frameworks */,
				3A72B8921FB980B300D39A72 /* Resources */,
			);
			buildRules = (
			);
			dependencies = (
				3A72B8961FB980B300D39A72 /* PBXTargetDependency */,
			);
			name = DownLoadTests;
			productName = DownLoadTests;
			productReference = 3A72B8941FB980B300D39A72 /* DownLoadTests.xctest */;
			productType = "com.apple.product-type.bundle.unit-test";
		};
		3A72B89E1FB980B300D39A72 /* DownLoadUITests */ = {
			isa = PBXNativeTarget;
			buildConfigurationList = 3A72B8AE1FB980B300D39A72 /* Build configuration list for PBXNativeTarget "DownLoadUITests" */;
			buildPhases = (
				3A72B89B1FB980B300D39A72 /* Sources */,
				3A72B89C1FB980B300D39A72 /* Frameworks */,
				3A72B89D1FB980B300D39A72 /* Resources */,
			);
			buildRules = (
			);
			dependencies = (
				3A72B8A11FB980B300D39A72 /* PBXTargetDependency */,
			);
			name = DownLoadUITests;
			productName = DownLoadUITests;
			productReference = 3A72B89F1FB980B300D39A72 /* DownLoadUITests.xctest */;
			productType = "com.apple.product-type.bundle.ui-testing";
		};
/* End PBXNativeTarget section */

/* Begin PBXProject section */
		3A72B8741FB980B300D39A72 /* Project object */ = {
			isa = PBXProject;
			attributes = {
				LastUpgradeCheck = 0900;
				ORGANIZATIONNAME = share;
				TargetAttributes = {
					3A72B87B1FB980B300D39A72 = {
						CreatedOnToolsVersion = 9.0.1;
						ProvisioningStyle = Manual;
					};
					3A72B8931FB980B300D39A72 = {
						CreatedOnToolsVersion = 9.0.1;
						ProvisioningStyle = Automatic;
						TestTargetID = 3A72B87B1FB980B300D39A72;
					};
					3A72B89E1FB980B300D39A72 = {
						CreatedOnToolsVersion = 9.0.1;
						ProvisioningStyle = Automatic;
						TestTargetID = 3A72B87B1FB980B300D39A72;
					};
				};
			};
			buildConfigurationList = 3A72B8771FB980B300D39A72 /* Build configuration list for PBXProject "DownLoad" */;
			compatibilityVersion = "Xcode 8.0";
			developmentRegion = en;
			hasScannedForEncodings = 0;
			knownRegions = (
				en,
				Base,
			);
			mainGroup = 3A72B8731FB980B300D39A72;
			productRefGroup = 3A72B87D1FB980B300D39A72 /* Products */;
			projectDirPath = "";
			projectRoot = "";
			targets = (
				3A72B87B1FB980B300D39A72 /* DownLoad */,
				3A72B8931FB980B300D39A72 /* DownLoadTests */,
				3A72B89E1FB980B300D39A72 /* DownLoadUITests */,
			);
		};
/* End PBXProject section */

/* Begin PBXResourcesBuildPhase section */
		3A72B87A1FB980B300D39A72 /* Resources */ = {
			isa = PBXResourcesBuildPhase;
			buildActionMask = 2147483647;
			files = (
				3A72B88C1FB980B300D39A72 /* LaunchScreen.storyboard in Resources */,
				3A72B8891FB980B300D39A72 /* Assets.xcassets in Resources */,
				3A72B8871FB980B300D39A72 /* Main.storyboard in Resources */,
			);
			runOnlyForDeploymentPostprocessing = 0;
		};
		3A72B8921FB980B300D39A72 /* Resources */ = {
			isa = PBXResourcesBuildPhase;
			buildActionMask = 2147483647;
			files = (
			);
			runOnlyForDeploymentPostprocessing = 0;
		};
		3A72B89D1FB980B300D39A72 /* Resources */ = {
			isa = PBXResourcesBuildPhase;
			buildActionMask = 2147483647;
			files = (
			);
			runOnlyForDeploymentPostprocessing = 0;
		};
/* End PBXResourcesBuildPhase section */

/* Begin PBXSourcesBuildPhase section */
		3A72B8781FB980B300D39A72 /* Sources */ = {
			isa = PBXSourcesBuildPhase;
			buildActionMask = 2147483647;
			files = (
				3A72B88F1FB980B300D39A72 /* main.m in Sources */,
				3A72B8811FB980B300D39A72 /* AppDelegate.m in Sources */,
				3A5854BC1FBD629500076421 /* ASDownLoadViewController.m in Sources */,
				3A5854BF1FBD640400076421 /* ASDownloadTableViewCell.m in Sources */,
				3A5854B61FBD3D0400076421 /* ASListViewController.m in Sources */,
				3A5854B91FBD42B000076421 /* ASListTableViewCell.m in Sources */,
				3A72B8B61FB989F600D39A72 /* ASSession.m in Sources */,
				3A72B8B31FB987D300D39A72 /* ASDownloadManger.m in Sources */,
			);
			runOnlyForDeploymentPostprocessing = 0;
		};
		3A72B8901FB980B300D39A72 /* Sources */ = {
			isa = PBXSourcesBuildPhase;
			buildActionMask = 2147483647;
			files = (
				3A72B8991FB980B300D39A72 /* DownLoadTests.m in Sources */,
			);
			runOnlyForDeploymentPostprocessing = 0;
		};
		3A72B89B1FB980B300D39A72 /* Sources */ = {
			isa = PBXSourcesBuildPhase;
			buildActionMask = 2147483647;
			files = (
				3A72B8A41FB980B300D39A72 /* DownLoadUITests.m in Sources */,
			);
			runOnlyForDeploymentPostprocessing = 0;
		};
/* End PBXSourcesBuildPhase section */

/* Begin PBXTargetDependency section */
		3A72B8961FB980B300D39A72 /* PBXTargetDependency */ = {
			isa = PBXTargetDependency;
			target = 3A72B87B1FB980B300D39A72 /* DownLoad */;
			targetProxy = 3A72B8951FB980B300D39A72 /* PBXContainerItemProxy */;
		};
		3A72B8A11FB980B300D39A72 /* PBXTargetDependency */ = {
			isa = PBXTargetDependency;
			target = 3A72B87B1FB980B300D39A72 /* DownLoad */;
			targetProxy = 3A72B8A01FB980B300D39A72 /* PBXContainerItemProxy */;
		};
/* End PBXTargetDependency section */

/* Begin PBXVariantGroup section */
		3A72B8851FB980B300D39A72 /* Main.storyboard */ = {
			isa = PBXVariantGroup;
			children = (
				3A72B8861FB980B300D39A72 /* Base */,
			);
			name = Main.storyboard;
			sourceTree = "<group>";
		};
		3A72B88A1FB980B300D39A72 /* LaunchScreen.storyboard */ = {
			isa = PBXVariantGroup;
			children = (
				3A72B88B1FB980B300D39A72 /* Base */,
			);
			name = LaunchScreen.storyboard;
			sourceTree = "<group>";
		};
/* End PBXVariantGroup section */

/* Begin XCBuildConfiguration section */
		3A72B8A61FB980B300D39A72 /* Debug */ = {
			isa = XCBuildConfiguration;
			buildSettings = {
				ALWAYS_SEARCH_USER_PATHS = NO;
				CLANG_ANALYZER_NONNULL = YES;
				CLANG_ANALYZER_NUMBER_OBJECT_CONVERSION = YES_AGGRESSIVE;
				CLANG_CXX_LANGUAGE_STANDARD = "gnu++14";
				CLANG_CXX_LIBRARY = "libc++";
				CLANG_ENABLE_MODULES = YES;
				CLANG_ENABLE_OBJC_ARC = YES;
				CLANG_WARN_BLOCK_CAPTURE_AUTORELEASING = YES;
				CLANG_WARN_BOOL_CONVERSION = YES;
				CLANG_WARN_COMMA = YES;
				CLANG_WARN_CONSTANT_CONVERSION = YES;
				CLANG_WARN_DIRECT_OBJC_ISA_USAGE = YES_ERROR;
				CLANG_WARN_DOCUMENTATION_COMMENTS = YES;
				CLANG_WARN_EMPTY_BODY = YES;
				CLANG_WARN_ENUM_CONVERSION = YES;
				CLANG_WARN_INFINITE_RECURSION = YES;
				CLANG_WARN_INT_CONVERSION = YES;
				CLANG_WARN_NON_LITERAL_NULL_CONVERSION = YES;
				CLANG_WARN_OBJC_LITERAL_CONVERSION = YES;
				CLANG_WARN_OBJC_ROOT_CLASS = YES_ERROR;
				CLANG_WARN_RANGE_LOOP_ANALYSIS = YES;
				CLANG_WARN_STRICT_PROTOTYPES = YES;
				CLANG_WARN_SUSPICIOUS_MOVE = YES;
				CLANG_WARN_UNGUARDED_AVAILABILITY = YES_AGGRESSIVE;
				CLANG_WARN_UNREACHABLE_CODE = YES;
				CLANG_WARN__DUPLICATE_METHOD_MATCH = YES;
				CODE_SIGN_IDENTITY = "iPhone Developer";
				COPY_PHASE_STRIP = NO;
				DEBUG_INFORMATION_FORMAT = dwarf;
				ENABLE_STRICT_OBJC_MSGSEND = YES;
				ENABLE_TESTABILITY = YES;
				GCC_C_LANGUAGE_STANDARD = gnu11;
				GCC_DYNAMIC_NO_PIC = NO;
				GCC_NO_COMMON_BLOCKS = YES;
				GCC_OPTIMIZATION_LEVEL = 0;
				GCC_PREPROCESSOR_DEFINITIONS = (
					"DEBUG=1",
					"$(inherited)",
				);
				GCC_WARN_64_TO_32_BIT_CONVERSION = YES;
				GCC_WARN_ABOUT_RETURN_TYPE = YES_ERROR;
				GCC_WARN_UNDECLARED_SELECTOR = YES;
				GCC_WARN_UNINITIALIZED_AUTOS = YES_AGGRESSIVE;
				GCC_WARN_UNUSED_FUNCTION = YES;
				GCC_WARN_UNUSED_VARIABLE = YES;
				IPHONEOS_DEPLOYMENT_TARGET = 11.0;
				MTL_ENABLE_DEBUG_INFO = YES;
				ONLY_ACTIVE_ARCH = YES;
				SDKROOT = iphoneos;
			};
			name = Debug;
		};
		3A72B8A71FB980B300D39A72 /* Release */ = {
			isa = XCBuildConfiguration;
			buildSettings = {
				ALWAYS_SEARCH_USER_PATHS = NO;
				CLANG_ANALYZER_NONNULL = YES;
				CLANG_ANALYZER_NUMBER_OBJECT_CONVERSION = YES_AGGRESSIVE;
				CLANG_CXX_LANGUAGE_STANDARD = "gnu++14";
				CLANG_CXX_LIBRARY = "libc++";
				CLANG_ENABLE_MODULES = YES;
				CLANG_ENABLE_OBJC_ARC = YES;
				CLANG_WARN_BLOCK_CAPTURE_AUTORELEASING = YES;
				CLANG_WARN_BOOL_CONVERSION = YES;
				CLANG_WARN_COMMA = YES;
				CLANG_WARN_CONSTANT_CONVERSION = YES;
				CLANG_WARN_DIRECT_OBJC_ISA_USAGE = YES_ERROR;
				CLANG_WARN_DOCUMENTATION_COMMENTS = YES;
				CLANG_WARN_EMPTY_BODY = YES;
				CLANG_WARN_ENUM_CONVERSION = YES;
				CLANG_WARN_INFINITE_RECURSION = YES;
				CLANG_WARN_INT_CONVERSION = YES;
				CLANG_WARN_NON_LITERAL_NULL_CONVERSION = YES;
				CLANG_WARN_OBJC_LITERAL_CONVERSION = YES;
				CLANG_WARN_OBJC_ROOT_CLASS = YES_ERROR;
				CLANG_WARN_RANGE_LOOP_ANALYSIS = YES;
				CLANG_WARN_STRICT_PROTOTYPES = YES;
				CLANG_WARN_SUSPICIOUS_MOVE = YES;
				CLANG_WARN_UNGUARDED_AVAILABILITY = YES_AGGRESSIVE;
				CLANG_WARN_UNREACHABLE_CODE = YES;
				CLANG_WARN__DUPLICATE_METHOD_MATCH = YES;
				CODE_SIGN_IDENTITY = "iPhone Developer";
				COPY_PHASE_STRIP = NO;
				DEBUG_INFORMATION_FORMAT = "dwarf-with-dsym";
				ENABLE_NS_ASSERTIONS = NO;
				ENABLE_STRICT_OBJC_MSGSEND = YES;
				GCC_C_LANGUAGE_STANDARD = gnu11;
				GCC_NO_COMMON_BLOCKS = YES;
				GCC_WARN_64_TO_32_BIT_CONVERSION = YES;
				GCC_WARN_ABOUT_RETURN_TYPE = YES_ERROR;
				GCC_WARN_UNDECLARED_SELECTOR = YES;
				GCC_WARN_UNINITIALIZED_AUTOS = YES_AGGRESSIVE;
				GCC_WARN_UNUSED_FUNCTION = YES;
				GCC_WARN_UNUSED_VARIABLE = YES;
				IPHONEOS_DEPLOYMENT_TARGET = 11.0;
				MTL_ENABLE_DEBUG_INFO = NO;
				SDKROOT = iphoneos;
				VALIDATE_PRODUCT = YES;
			};
			name = Release;
		};
		3A72B8A91FB980B300D39A72 /* Debug */ = {
			isa = XCBuildConfiguration;
			buildSettings = {
				ASSETCATALOG_COMPILER_APPICON_NAME = AppIcon;
				CODE_SIGN_STYLE = Manual;
				DEVELOPMENT_TEAM = "";
				INFOPLIST_FILE = DownLoad/Info.plist;
				IPHONEOS_DEPLOYMENT_TARGET = 8.0;
				LD_RUNPATH_SEARCH_PATHS = "$(inherited) @executable_path/Frameworks";
				PRODUCT_BUNDLE_IDENTIFIER = share.DownLoad;
				PRODUCT_NAME = "$(TARGET_NAME)";
				PROVISIONING_PROFILE_SPECIFIER = "";
				TARGETED_DEVICE_FAMILY = "1,2";
			};
			name = Debug;
		};
		3A72B8AA1FB980B300D39A72 /* Release */ = {
			isa = XCBuildConfiguration;
			buildSettings = {
				ASSETCATALOG_COMPILER_APPICON_NAME = AppIcon;
				CODE_SIGN_STYLE = Manual;
				DEVELOPMENT_TEAM = "";
				INFOPLIST_FILE = DownLoad/Info.plist;
				IPHONEOS_DEPLOYMENT_TARGET = 8.0;
				LD_RUNPATH_SEARCH_PATHS = "$(inherited) @executable_path/Frameworks";
				PRODUCT_BUNDLE_IDENTIFIER = share.DownLoad;
				PRODUCT_NAME = "$(TARGET_NAME)";
				PROVISIONING_PROFILE_SPECIFIER = "";
				TARGETED_DEVICE_FAMILY = "1,2";
			};
			name = Release;
		};
		3A72B8AC1FB980B300D39A72 /* Debug */ = {
			isa = XCBuildConfiguration;
			buildSettings = {
				BUNDLE_LOADER = "$(TEST_HOST)";
				CODE_SIGN_STYLE = Automatic;
				INFOPLIST_FILE = DownLoadTests/Info.plist;
				LD_RUNPATH_SEARCH_PATHS = "$(inherited) @executable_path/Frameworks @loader_path/Frameworks";
				PRODUCT_BUNDLE_IDENTIFIER = share.DownLoadTests;
				PRODUCT_NAME = "$(TARGET_NAME)";
				TARGETED_DEVICE_FAMILY = "1,2";
				TEST_HOST = "$(BUILT_PRODUCTS_DIR)/DownLoad.app/DownLoad";
			};
			name = Debug;
		};
		3A72B8AD1FB980B300D39A72 /* Release */ = {
			isa = XCBuildConfiguration;
			buildSettings = {
				BUNDLE_LOADER = "$(TEST_HOST)";
				CODE_SIGN_STYLE = Automatic;
				INFOPLIST_FILE = DownLoadTests/Info.plist;
				LD_RUNPATH_SEARCH_PATHS = "$(inherited) @executable_path/Frameworks @loader_path/Frameworks";
				PRODUCT_BUNDLE_IDENTIFIER = share.DownLoadTests;
				PRODUCT_NAME = "$(TARGET_NAME)";
				TARGETED_DEVICE_FAMILY = "1,2";
				TEST_HOST = "$(BUILT_PRODUCTS_DIR)/DownLoad.app/DownLoad";
			};
			name = Release;
		};
		3A72B8AF1FB980B300D39A72 /* Debug */ = {
			isa = XCBuildConfiguration;
			buildSettings = {
				CODE_SIGN_STYLE = Automatic;
				INFOPLIST_FILE = DownLoadUITests/Info.plist;
				LD_RUNPATH_SEARCH_PATHS = "$(inherited) @executable_path/Frameworks @loader_path/Frameworks";
				PRODUCT_BUNDLE_IDENTIFIER = share.DownLoadUITests;
				PRODUCT_NAME = "$(TARGET_NAME)";
				TARGETED_DEVICE_FAMILY = "1,2";
				TEST_TARGET_NAME = DownLoad;
			};
			name = Debug;
		};
		3A72B8B01FB980B300D39A72 /* Release */ = {
			isa = XCBuildConfiguration;
			buildSettings = {
				CODE_SIGN_STYLE = Automatic;
				INFOPLIST_FILE = DownLoadUITests/Info.plist;
				LD_RUNPATH_SEARCH_PATHS = "$(inherited) @executable_path/Frameworks @loader_path/Frameworks";
				PRODUCT_BUNDLE_IDENTIFIER = share.DownLoadUITests;
				PRODUCT_NAME = "$(TARGET_NAME)";
				TARGETED_DEVICE_FAMILY = "1,2";
				TEST_TARGET_NAME = DownLoad;
			};
			name = Release;
		};
/* End XCBuildConfiguration section */

/* Begin XCConfigurationList section */
		3A72B8771FB980B300D39A72 /* Build configuration list for PBXProject "DownLoad" */ = {
			isa = XCConfigurationList;
			buildConfigurations = (
				3A72B8A61FB980B300D39A72 /* Debug */,
				3A72B8A71FB980B300D39A72 /* Release */,
			);
			defaultConfigurationIsVisible = 0;
			defaultConfigurationName = Release;
		};
		3A72B8A81FB980B300D39A72 /* Build configuration list for PBXNativeTarget "DownLoad" */ = {
			isa = XCConfigurationList;
			buildConfigurations = (
				3A72B8A91FB980B300D39A72 /* Debug */,
				3A72B8AA1FB980B300D39A72 /* Release */,
			);
			defaultConfigurationIsVisible = 0;
			defaultConfigurationName = Release;
		};
		3A72B8AB1FB980B300D39A72 /* Build configuration list for PBXNativeTarget "DownLoadTests" */ = {
			isa = XCConfigurationList;
			buildConfigurations = (
				3A72B8AC1FB980B300D39A72 /* Debug */,
				3A72B8AD1FB980B300D39A72 /* Release */,
			);
			defaultConfigurationIsVisible = 0;
			defaultConfigurationName = Release;
		};
		3A72B8AE1FB980B300D39A72 /* Build configuration list for PBXNativeTarget "DownLoadUITests" */ = {
			isa = XCConfigurationList;
			buildConfigurations = (
				3A72B8AF1FB980B300D39A72 /* Debug */,
				3A72B8B01FB980B300D39A72 /* Release */,
			);
			defaultConfigurationIsVisible = 0;
			defaultConfigurationName = Release;
		};
/* End XCConfigurationList section */
	};
	rootObject = 3A72B8741FB980B300D39A72 /* Project object */;
}
